
Microsoft Visual Studio Solution File, Format Version 12.00
# Visual Studio Version 17
VisualStudioVersion = 17.13.35825.156
MinimumVisualStudioVersion = 10.0.40219.1
Project("{2150E333-8FDC-42A3-9474-1A3956D46DE8}") = "Library", "Library", "{02EA681E-C7D8-13C7-8484-4AC65E1B71E8}"
EndProject
Project("{FAE04EC0-301F-11D3-BF4B-00C04F79EFBC}") = "LibraryWeb", "LibraryWeb\LibraryWeb.csproj", "{03E2EA2F-3AB9-4014-B430-02FB59DCE959}"
EndProject
Project("{FAE04EC0-301F-11D3-BF4B-00C04F79EFBC}") = "LibraryDomain", "LibraryDomain\LibraryDomain.csproj", "{77A5BB54-A880-4CC6-AD4D-9F10E3D2AA6D}"
EndProject
Project("{FAE04EC0-301F-11D3-BF4B-00C04F79EFBC}") = "LibraryRepository", "LibraryRepository\LibraryRepository.csproj", "{BEB8BC57-C98B-4089-A49A-660505C848C5}"
EndProject
Project("{FAE04EC0-301F-11D3-BF4B-00C04F79EFBC}") = "LibraryService", "LibraryService\LibraryService.csproj", "{9DE5D473-5278-47E7-AA7C-4E405CF9DA9D}"
EndProject
Global
	GlobalSection(SolutionConfigurationPlatforms) = preSolution
		Debug|Any CPU = Debug|Any CPU
		Release|Any CPU = Release|Any CPU
	EndGlobalSection
	GlobalSection(ProjectConfigurationPlatforms) = postSolution
		{03E2EA2F-3AB9-4014-B430-02FB59DCE959}.Debug|Any CPU.ActiveCfg = Debug|Any CPU
		{03E2EA2F-3AB9-4014-B430-02FB59DCE959}.Debug|Any CPU.Build.0 = Debug|Any CPU
		{03E2EA2F-3AB9-4014-B430-02FB59DCE959}.Release|Any CPU.ActiveCfg = Release|Any CPU
		{03E2EA2F-3AB9-4014-B430-02FB59DCE959}.Release|Any CPU.Build.0 = Release|Any CPU
		{77A5BB54-A880-4CC6-AD4D-9F10E3D2AA6D}.Debug|Any CPU.ActiveCfg = Debug|Any CPU
		{77A5BB54-A880-4CC6-AD4D-9F10E3D2AA6D}.Debug|Any CPU.Build.0 = Debug|Any CPU
		{77A5BB54-A880-4CC6-AD4D-9F10E3D2AA6D}.Release|Any CPU.ActiveCfg = Release|Any CPU
		{77A5BB54-A880-4CC6-AD4D-9F10E3D2AA6D}.Release|Any CPU.Build.0 = Release|Any CPU
		{BEB8BC57-C98B-4089-A49A-660505C848C5}.Debug|Any CPU.ActiveCfg = Debug|Any CPU
		{BEB8BC57-C98B-4089-A49A-660505C848C5}.Debug|Any CPU.Build.0 = Debug|Any CPU
		{BEB8BC57-C98B-4089-A49A-660505C848C5}.Release|Any CPU.ActiveCfg = Release|Any CPU
		{BEB8BC57-C98B-4089-A49A-660505C848C5}.Release|Any CPU.Build.0 = Release|Any CPU
		{9DE5D473-5278-47E7-AA7C-4E405CF9DA9D}.Debug|Any CPU.ActiveCfg = Debug|Any CPU
		{9DE5D473-5278-47E7-AA7C-4E405CF9DA9D}.Debug|Any CPU.Build.0 = Debug|Any CPU
		{9DE5D473-5278-47E7-AA7C-4E405CF9DA9D}.Release|Any CPU.ActiveCfg = Release|Any CPU
		{9DE5D473-5278-47E7-AA7C-4E405CF9DA9D}.Release|Any CPU.Build.0 = Release|Any CPU
	EndGlobalSection
	GlobalSection(SolutionProperties) = preSolution
		HideSolutionNode = FALSE
	EndGlobalSection
	GlobalSection(NestedProjects) = preSolution
		{03E2EA2F-3AB9-4014-B430-02FB59DCE959} = {02EA681E-C7D8-13C7-8484-4AC65E1B71E8}
		{77A5BB54-A880-4CC6-AD4D-9F10E3D2AA6D} = {02EA681E-C7D8-13C7-8484-4AC65E1B71E8}
		{BEB8BC57-C98B-4089-A49A-660505C848C5} = {02EA681E-C7D8-13C7-8484-4AC65E1B71E8}
		{9DE5D473-5278-47E7-AA7C-4E405CF9DA9D} = {02EA681E-C7D8-13C7-8484-4AC65E1B71E8}
	EndGlobalSection
	GlobalSection(ExtensibilityGlobals) = postSolution
		SolutionGuid = {A2B1DA39-3D94-4687-8F7C-72ABCE298098}
	EndGlobalSection
EndGlobal
